{
  "version": 4,
  "terraform_version": "1.11.4",
  "serial": 60,
  "lineage": "05ed544d-5e2a-9b69-93d3-4a0e8a3a18de",
  "outputs": {},
  "resources": [
    {
      "mode": "data",
      "type": "aws_eks_cluster",
      "name": "main",
      "provider": "provider[\"registry.terraform.io/hashicorp/aws\"]",
      "instances": [
        {
          "schema_version": 0,
          "attributes": {
            "access_config": [
              {
                "authentication_mode": "API",
                "bootstrap_cluster_creator_admin_permissions": true
              }
            ],
            "arn": "arn:aws:eks:us-east-1:614563210494:cluster/my-eks",
            "certificate_authority": [
              {
                "data": "LS0tLS1CRUdJTiBDRVJUSUZJQ0FURS0tLS0tCk1JSURCVENDQWUyZ0F3SUJBZ0lJWURoS1A2Q3k2SnN3RFFZSktvWklodmNOQVFFTEJRQXdGVEVUTUJFR0ExVUUKQXhNS2EzVmlaWEp1WlhSbGN6QWVGdzB5TlRBME16QXhOakkzTVRaYUZ3MHpOVEEwTWpneE5qTXlNVFphTUJVeApFekFSQmdOVkJBTVRDbXQxWW1WeWJtVjBaWE13Z2dFaU1BMEdDU3FHU0liM0RRRUJBUVVBQTRJQkR3QXdnZ0VLCkFvSUJBUUN0WGk4UWJvd3ljZk9VcFNHaGdUUnJZVmR0T1VyN2tmN09CeXptZTBqeDZRQXdpdnV3a0Vqa1Y0YmcKTFpLMWJuMk9VRWdMWGh0WmxMb3RzSVlYeDB3ZzRhbDRlejJrdjlSdXJyQWhxSWlraXhRLzQ1MnZUWGlUY1Z2UApDeXdKUEV4OGI2SXF4VXQyL21oemlmUmtXdDFwelNGY0ozaGkzeVhTNlk0eHpBNlFTK0J6T3N2cE1mQXZpT3NUCnRUcE1UektHUmloYWkxWUhsTlRvQngwNmNKYktRazJjZWxud0dRSjdNdGkxVEJnSWxmejdJWjRYZWlmK0FXajcKNnN1QXVEelJrYWxQbTVIT0UyNjFSeXVOMlJHMFBPbVJ3blhJb2ZUT0doOGlJRmR4RysrbGlHMnNCNUYvU25RLwpJUXVxODVKcVY2TERXVWZkcmJhSXB1c3VmbW0zQWdNQkFBR2pXVEJYTUE0R0ExVWREd0VCL3dRRUF3SUNwREFQCkJnTlZIUk1CQWY4RUJUQURBUUgvTUIwR0ExVWREZ1FXQkJTZmttYSs3dzJaaFZoTXYvY05jZm40UjZyYUVEQVYKQmdOVkhSRUVEakFNZ2dwcmRXSmxjbTVsZEdWek1BMEdDU3FHU0liM0RRRUJDd1VBQTRJQkFRQnRROUwwZjdVSApsWFJpZ3JMSUkxU2FaYU04VXRRZ3EyTXhlL2hXeXlaUWJDZithRitsTEdrdDFpUWM4Vk1pK3RDd1d4a3Zwb0VHCnQ4SHl2c0trT0tHVkUrR0I0Q0pRZEhKMXJnYTN3Q3J6cVJMdnVIQ2pGY0RUUEloZkJkM3lCVWdjcGlhVnNsWWoKbXBEaUkwUDg4aU5Vc2dnazFXNFkvOUFUUlRaeFNCWTlIK3g0a2NXdExFTE4vaUJJYTdraC9ZaGZSUW90MG8vcwpYTHVHQWtHQytKU2hoQTZST2FyZE9XZnBNNVNqeWVpRFdVeWNuODJuQTJhNkFaMXFxTXB2eVVXYkFGZXQ2ZzJ6CjRuWUZ1MGxzUEJybGJ2bVl0TW15clpCdlVJbXZ4TWE2MzcvYlFEK3RTeGdVWW14Lzl2VVNBVTZMOEJGSzQ4ZUMKcGN6NXJDSy91RUU2Ci0tLS0tRU5EIENFUlRJRklDQVRFLS0tLS0K"
              }
            ],
            "cluster_id": null,
            "compute_config": [],
            "created_at": "2025-04-30T16:27:44Z",
            "enabled_cluster_log_types": [],
            "endpoint": "https://DCD9DD41480C47EFEC8CED176B999EE7.gr7.us-east-1.eks.amazonaws.com",
            "id": "my-eks",
            "identity": [
              {
                "oidc": [
                  {
                    "issuer": "https://oidc.eks.us-east-1.amazonaws.com/id/DCD9DD41480C47EFEC8CED176B999EE7"
                  }
                ]
              }
            ],
            "kubernetes_network_config": [
              {
                "elastic_load_balancing": [
                  {
                    "enabled": false
                  }
                ],
                "ip_family": "ipv4",
                "service_ipv4_cidr": "172.20.0.0/16",
                "service_ipv6_cidr": ""
              }
            ],
            "name": "my-eks",
            "outpost_config": [],
            "platform_version": "eks.36",
            "remote_network_config": [],
            "role_arn": "arn:aws:iam::614563210494:role/my-eks-eks-cluster-role",
            "status": "ACTIVE",
            "storage_config": [],
            "tags": {
              "Environment": "dev",
              "Project": "eks-from-scratch"
            },
            "upgrade_policy": [
              {
                "support_type": "EXTENDED"
              }
            ],
            "version": "1.29",
            "vpc_config": [
              {
                "cluster_security_group_id": "sg-02e86ba8fae8d104b",
                "endpoint_private_access": true,
                "endpoint_public_access": true,
                "public_access_cidrs": [
                  "0.0.0.0/0"
                ],
                "security_group_ids": [
                  "sg-0ec387c3963b16a2a"
                ],
                "subnet_ids": [
                  "subnet-012459d23e3862218",
                  "subnet-02a85f1a0c2931ac6",
                  "subnet-03d903648d14f1c33"
                ],
                "vpc_id": "vpc-0f7d13ebc7e1679be"
              }
            ],
            "zonal_shift_config": []
          },
          "sensitive_attributes": []
        }
      ]
    },
    {
      "mode": "data",
      "type": "aws_eks_cluster_auth",
      "name": "main",
      "provider": "provider[\"registry.terraform.io/hashicorp/aws\"]",
      "instances": [
        {
          "schema_version": 0,
          "attributes": {
            "id": "my-eks",
            "name": "my-eks",
            "token": "k8s-aws-v1.aHR0cHM6Ly9zdHMudXMtZWFzdC0xLmFtYXpvbmF3cy5jb20vP0FjdGlvbj1HZXRDYWxsZXJJZGVudGl0eSZWZXJzaW9uPTIwMTEtMDYtMTUmWC1BbXotQWxnb3JpdGhtPUFXUzQtSE1BQy1TSEEyNTYmWC1BbXotQ3JlZGVudGlhbD1BS0lBWTZGV1NNVDdPSlo1T0U0TSUyRjIwMjUwNTAxJTJGdXMtZWFzdC0xJTJGc3RzJTJGYXdzNF9yZXF1ZXN0JlgtQW16LURhdGU9MjAyNTA1MDFUMDMzNzExWiZYLUFtei1FeHBpcmVzPTAmWC1BbXotU2lnbmVkSGVhZGVycz1ob3N0JTNCeC1rOHMtYXdzLWlkJlgtQW16LVNpZ25hdHVyZT0xODU5NGU4YWIwZTAwYTZjYjYyMjQ4MTQ3NzkyNDgzOWI2NTNlODg0OGI2YmVmMzI4NjYzZjYzZTFkYzc0MjBh"
          },
          "sensitive_attributes": [
            [
              {
                "type": "get_attr",
                "value": "token"
              }
            ]
          ]
        }
      ]
    },
    {
      "mode": "data",
      "type": "aws_iam_role",
      "name": "argocd_ecr_role",
      "provider": "provider[\"registry.terraform.io/hashicorp/aws\"]",
      "instances": [
        {
          "schema_version": 0,
          "attributes": {
            "arn": "arn:aws:iam::614563210494:role/argocd-ecr-role",
            "assume_role_policy": "{\"Version\":\"2012-10-17\",\"Statement\":[{\"Effect\":\"Allow\",\"Principal\":{\"Federated\":\"arn:aws:iam::614563210494:oidc-provider/oidc.eks.us-east-1.amazonaws.com/id/DCD9DD41480C47EFEC8CED176B999EE7\"},\"Action\":\"sts:AssumeRoleWithWebIdentity\",\"Condition\":{\"StringEquals\":{\"oidc.eks.us-east-1.amazonaws.com/id/DCD9DD41480C47EFEC8CED176B999EE7:sub\":\"system:serviceaccount:argocd:ecr-read-access-sa\"}}}]}",
            "create_date": "2025-04-30T16:39:39Z",
            "description": "",
            "id": "argocd-ecr-role",
            "max_session_duration": 3600,
            "name": "argocd-ecr-role",
            "path": "/",
            "permissions_boundary": "",
            "role_last_used": [
              {
                "last_used_date": "",
                "region": ""
              }
            ],
            "tags": {},
            "unique_id": "AROAY6FWSMT7IKBBCGWRP"
          },
          "sensitive_attributes": []
        }
      ]
    },
    {
      "mode": "data",
      "type": "aws_iam_role",
      "name": "ebs_csi",
      "provider": "provider[\"registry.terraform.io/hashicorp/aws\"]",
      "instances": [
        {
          "schema_version": 0,
          "attributes": {
            "arn": "arn:aws:iam::614563210494:role/eks-ebs-csi-driver",
            "assume_role_policy": "{\"Version\":\"2012-10-17\",\"Statement\":[{\"Effect\":\"Allow\",\"Principal\":{\"Federated\":\"arn:aws:iam::614563210494:oidc-provider/oidc.eks.us-east-1.amazonaws.com/id/DCD9DD41480C47EFEC8CED176B999EE7\"},\"Action\":\"sts:AssumeRoleWithWebIdentity\",\"Condition\":{\"StringEquals\":{\"oidc.eks.us-east-1.amazonaws.com/id/DCD9DD41480C47EFEC8CED176B999EE7:sub\":\"system:serviceaccount:kube-system:ebs-csi-controller-sa\"}}}]}",
            "create_date": "2025-04-30T16:39:39Z",
            "description": "",
            "id": "eks-ebs-csi-driver",
            "max_session_duration": 3600,
            "name": "eks-ebs-csi-driver",
            "path": "/",
            "permissions_boundary": "",
            "role_last_used": [
              {
                "last_used_date": "2025-05-01T00:18:23Z",
                "region": "us-east-1"
              }
            ],
            "tags": {},
            "unique_id": "AROAY6FWSMT7PLIDJIFMZ"
          },
          "sensitive_attributes": []
        }
      ]
    },
    {
      "mode": "data",
      "type": "aws_iam_role",
      "name": "eks_pod_identity_ecr",
      "provider": "provider[\"registry.terraform.io/hashicorp/aws\"]",
      "instances": [
        {
          "schema_version": 0,
          "attributes": {
            "arn": "arn:aws:iam::614563210494:role/eks-pod-ecr-role",
            "assume_role_policy": "{\"Version\":\"2012-10-17\",\"Statement\":[{\"Effect\":\"Allow\",\"Principal\":{\"Service\":\"pods.eks.amazonaws.com\"},\"Action\":[\"sts:AssumeRole\",\"sts:TagSession\"]}]}",
            "create_date": "2025-04-30T16:27:21Z",
            "description": "",
            "id": "eks-pod-ecr-role",
            "max_session_duration": 3600,
            "name": "eks-pod-ecr-role",
            "path": "/",
            "permissions_boundary": "",
            "role_last_used": [
              {
                "last_used_date": "2025-05-01T02:57:49Z",
                "region": "us-east-1"
              }
            ],
            "tags": {},
            "unique_id": "AROAY6FWSMT7ACBR4DKLU"
          },
          "sensitive_attributes": []
        }
      ]
    },
    {
      "mode": "data",
      "type": "aws_iam_role",
      "name": "external_secrets_irsa",
      "provider": "provider[\"registry.terraform.io/hashicorp/aws\"]",
      "instances": [
        {
          "schema_version": 0,
          "attributes": {
            "arn": "arn:aws:iam::614563210494:role/external-secrets-irsa",
            "assume_role_policy": "{\"Version\":\"2012-10-17\",\"Statement\":[{\"Effect\":\"Allow\",\"Principal\":{\"Federated\":\"arn:aws:iam::614563210494:oidc-provider/oidc.eks.us-east-1.amazonaws.com/id/DCD9DD41480C47EFEC8CED176B999EE7\"},\"Action\":\"sts:AssumeRoleWithWebIdentity\",\"Condition\":{\"StringEquals\":{\"oidc.eks.us-east-1.amazonaws.com/id/DCD9DD41480C47EFEC8CED176B999EE7:sub\":\"system:serviceaccount:default:external-secrets-sa\"}}}]}",
            "create_date": "2025-04-30T16:39:40Z",
            "description": "",
            "id": "external-secrets-irsa",
            "max_session_duration": 3600,
            "name": "external-secrets-irsa",
            "path": "/",
            "permissions_boundary": "",
            "role_last_used": [
              {
                "last_used_date": "2025-05-01T02:52:35Z",
                "region": "us-east-1"
              }
            ],
            "tags": {},
            "unique_id": "AROAY6FWSMT7D7ODRZ3AX"
          },
          "sensitive_attributes": []
        }
      ]
    },
    {
      "module": "module.argocd",
      "mode": "managed",
      "type": "helm_release",
      "name": "argo_image_updater",
      "provider": "provider[\"registry.terraform.io/hashicorp/helm\"]",
      "instances": [
        {
          "schema_version": 1,
          "attributes": {
            "atomic": false,
            "chart": "argocd-image-updater",
            "cleanup_on_fail": false,
            "create_namespace": false,
            "dependency_update": false,
            "description": null,
            "devel": null,
            "disable_crd_hooks": false,
            "disable_openapi_validation": false,
            "disable_webhooks": false,
            "force_update": false,
            "id": "argo-image-updater",
            "keyring": null,
            "lint": false,
            "manifest": null,
            "max_history": 0,
            "metadata": [
              {
                "app_version": "v0.14.0",
                "chart": "argocd-image-updater",
                "first_deployed": 1746064585,
                "last_deployed": 1746070665,
                "name": "argo-image-updater",
                "namespace": "argocd",
                "notes": "",
                "revision": 8,
                "values": "{\"authScripts\":{\"enabled\":true,\"scripts\":{\"auth.sh\":\"#!/bin/sh\\nHOME=/tmp aws ecr --region us-east-1 get-authorization-token --output text --query 'authorizationData[].authorizationToken' | base64 -d\\n\"}},\"config\":{\"registries\":[{\"api_url\":\"https://614563210494.dkr.ecr.us-east-1.amazonaws.com\",\"credentials\":\"ext:/scripts/auth.sh\",\"credsexpire\":\"10h\",\"default\":true,\"insecure\":false,\"name\":\"ECR\",\"ping\":true,\"prefix\":\"614563210494.dkr.ecr.us-east-1.amazonaws.com\"}]},\"serviceAccount\":{\"create\":false,\"name\":\"ecr-read-access-sa\"}}",
                "version": "0.11.0"
              }
            ],
            "name": "argo-image-updater",
            "namespace": "argocd",
            "pass_credentials": false,
            "postrender": [],
            "recreate_pods": false,
            "render_subchart_notes": true,
            "replace": false,
            "repository": "https://argoproj.github.io/argo-helm",
            "repository_ca_file": null,
            "repository_cert_file": null,
            "repository_key_file": null,
            "repository_password": null,
            "repository_username": null,
            "reset_values": false,
            "reuse_values": false,
            "set": [],
            "set_list": [],
            "set_sensitive": [],
            "skip_crds": false,
            "status": "deployed",
            "timeout": 300,
            "upgrade_install": null,
            "values": [
              "serviceAccount:\n  create: false\n  name: ecr-read-access-sa\n\n\n\n# configs:\n#   secret:\n#     server.secretkey: \"2tyguXVMNHvp02zOvZS04KYuihc7OMvpZwFSx5VNvOM=\"  # \u003c-- Base64-encoded 32-byte key\n\n\nauthScripts: \n  enabled: true\n  scripts:\n    auth.sh: |\n      #!/bin/sh\n      HOME=/tmp aws ecr --region us-east-1 get-authorization-token --output text --query 'authorizationData[].authorizationToken' | base64 -d\n\n\n\nconfig:\n  registries:\n  - name: ECR\n    api_url: https://614563210494.dkr.ecr.us-east-1.amazonaws.com\n    prefix: 614563210494.dkr.ecr.us-east-1.amazonaws.com\n    ping: yes\n    insecure: no\n    default: true\n    credentials: ext:/scripts/auth.sh\n    credsexpire: 10h"
            ],
            "verify": false,
            "version": "0.11.0",
            "wait": true,
            "wait_for_jobs": false
          },
          "sensitive_attributes": [
            [
              {
                "type": "get_attr",
                "value": "repository_password"
              }
            ]
          ],
          "private": "eyJzY2hlbWFfdmVyc2lvbiI6IjEifQ==",
          "dependencies": [
            "data.aws_eks_cluster.main",
            "data.aws_eks_cluster_auth.main",
            "data.aws_iam_role.argocd_ecr_role",
            "module.argocd.helm_release.argocd",
            "module.argocd.kubernetes_service_account.ecr_read_access",
            "module.cert-manager.helm_release.cert_manager",
            "module.nginx.helm_release.nginx"
          ]
        }
      ]
    },
    {
      "module": "module.argocd",
      "mode": "managed",
      "type": "helm_release",
      "name": "argocd",
      "provider": "provider[\"registry.terraform.io/hashicorp/helm\"]",
      "instances": [
        {
          "schema_version": 1,
          "attributes": {
            "atomic": false,
            "chart": "argo-cd",
            "cleanup_on_fail": false,
            "create_namespace": false,
            "dependency_update": false,
            "description": null,
            "devel": null,
            "disable_crd_hooks": false,
            "disable_openapi_validation": false,
            "disable_webhooks": false,
            "force_update": false,
            "id": "argocd",
            "keyring": null,
            "lint": false,
            "manifest": null,
            "max_history": 0,
            "metadata": [
              {
                "app_version": "v2.11.7",
                "chart": "argo-cd",
                "first_deployed": 1746063954,
                "last_deployed": 1746063954,
                "name": "argocd",
                "namespace": "argocd",
                "notes": "In order to access the server UI you have the following options:\n\n1. kubectl port-forward service/argocd-server -n argocd 8080:443\n\n    and then open the browser on http://localhost:8080 and accept the certificate\n\n2. enable ingress in the values file `server.ingress.enabled` and either\n      - Add the annotation for ssl passthrough: https://argo-cd.readthedocs.io/en/stable/operator-manual/ingress/#option-1-ssl-passthrough\n      - Set the `configs.params.\"server.insecure\"` in the values file and terminate SSL at your ingress: https://argo-cd.readthedocs.io/en/stable/operator-manual/ingress/#option-2-multiple-ingress-objects-and-hosts\n\n\nAfter reaching the UI the first time you can login with username: admin and the random password generated during the installation. You can find the password by running:\n\nkubectl -n argocd get secret argocd-initial-admin-secret -o jsonpath=\"{.data.password}\" | base64 -d\n\n(You should delete the initial secret afterwards as suggested by the Getting Started Guide: https://argo-cd.readthedocs.io/en/stable/getting_started/#4-login-using-the-cli)\n",
                "revision": 1,
                "values": "{\"applicationController\":{\"serviceAccount\":{\"create\":false,\"name\":\"ecr-read-access-sa\"}},\"repoServer\":{\"serviceAccount\":{\"create\":false,\"name\":\"ecr-read-access-sa\"}},\"server\":{\"serviceAccount\":{\"create\":false,\"name\":\"ecr-read-access-sa\"}}}",
                "version": "7.3.11"
              }
            ],
            "name": "argocd",
            "namespace": "argocd",
            "pass_credentials": false,
            "postrender": [],
            "recreate_pods": false,
            "render_subchart_notes": true,
            "replace": false,
            "repository": "https://argoproj.github.io/argo-helm",
            "repository_ca_file": null,
            "repository_cert_file": null,
            "repository_key_file": null,
            "repository_password": null,
            "repository_username": null,
            "reset_values": false,
            "reuse_values": false,
            "set": [],
            "set_list": [],
            "set_sensitive": [],
            "skip_crds": false,
            "status": "deployed",
            "timeout": 300,
            "upgrade_install": null,
            "values": [
              "repoServer:\n  serviceAccount:\n    create: false\n    name: ecr-read-access-sa\n\n\napplicationController:\n  serviceAccount:\n    create: false\n    name: ecr-read-access-sa\n\nserver:\n  serviceAccount:\n    create: false\n    name: ecr-read-access-sa\n\n"
            ],
            "verify": false,
            "version": "7.3.11",
            "wait": true,
            "wait_for_jobs": false
          },
          "sensitive_attributes": [
            [
              {
                "type": "get_attr",
                "value": "repository_password"
              }
            ]
          ],
          "private": "eyJzY2hlbWFfdmVyc2lvbiI6IjEifQ==",
          "dependencies": [
            "data.aws_eks_cluster.main",
            "data.aws_eks_cluster_auth.main",
            "data.aws_iam_role.argocd_ecr_role",
            "module.argocd.kubernetes_service_account.ecr_read_access",
            "module.cert-manager.helm_release.cert_manager",
            "module.nginx.helm_release.nginx"
          ]
        }
      ]
    },
    {
      "module": "module.argocd",
      "mode": "managed",
      "type": "kubernetes_namespace",
      "name": "example",
      "provider": "provider[\"registry.terraform.io/hashicorp/kubernetes\"]",
      "instances": [
        {
          "schema_version": 0,
          "attributes": {
            "id": "argocd",
            "metadata": [
              {
                "annotations": {},
                "generate_name": "",
                "generation": 0,
                "labels": {},
                "name": "argocd",
                "resource_version": "126189",
                "uid": "bb90ed4c-69a8-46ce-bcf3-8d8fa32aa010"
              }
            ],
            "timeouts": null,
            "wait_for_default_service_account": false
          },
          "sensitive_attributes": [],
          "private": "eyJlMmJmYjczMC1lY2FhLTExZTYtOGY4OC0zNDM2M2JjN2M0YzAiOnsiZGVsZXRlIjozMDAwMDAwMDAwMDB9fQ==",
          "dependencies": [
            "data.aws_eks_cluster.main",
            "data.aws_eks_cluster_auth.main",
            "module.cert-manager.helm_release.cert_manager",
            "module.nginx.helm_release.nginx"
          ]
        }
      ]
    },
    {
      "module": "module.argocd",
      "mode": "managed",
      "type": "kubernetes_secret",
      "name": "github_credentials",
      "provider": "provider[\"registry.terraform.io/hashicorp/kubernetes\"]",
      "instances": [
        {
          "schema_version": 0,
          "attributes": {
            "binary_data": null,
            "binary_data_wo": null,
            "binary_data_wo_revision": null,
            "data": {
              "password": "Z2l0aHViX3BhdF8xMUFSTFRJS0EwRUYzeUtOblFDV29QX3ZWbTZVUWVTS0t0Nk9rUHVuMWlzTFJDcDBIelhIUUhEUFRJbXc2N1VUWGJRUU1TSE5BUUFCd1FwWUJU",
              "username": "U2hlaGFiR2FtYWw2ODk="
            },
            "data_wo": null,
            "data_wo_revision": null,
            "id": "argocd/github-credentials",
            "immutable": false,
            "metadata": [
              {
                "annotations": {},
                "generate_name": "",
                "generation": 0,
                "labels": {},
                "name": "github-credentials",
                "namespace": "argocd",
                "resource_version": "126193",
                "uid": "2eb72394-3e36-4ee2-8ef4-ba5f491895b0"
              }
            ],
            "timeouts": null,
            "type": "Opaque",
            "wait_for_service_account_token": true
          },
          "sensitive_attributes": [
            [
              {
                "type": "get_attr",
                "value": "binary_data"
              }
            ],
            [
              {
                "type": "get_attr",
                "value": "data"
              }
            ]
          ],
          "private": "eyJlMmJmYjczMC1lY2FhLTExZTYtOGY4OC0zNDM2M2JjN2M0YzAiOnsiY3JlYXRlIjo2MDAwMDAwMDAwMH19",
          "dependencies": [
            "data.aws_eks_cluster.main",
            "data.aws_eks_cluster_auth.main",
            "module.cert-manager.helm_release.cert_manager",
            "module.nginx.helm_release.nginx"
          ]
        }
      ]
    },
    {
      "module": "module.argocd",
      "mode": "managed",
      "type": "kubernetes_service_account",
      "name": "ecr_read_access",
      "provider": "provider[\"registry.terraform.io/hashicorp/kubernetes\"]",
      "instances": [
        {
          "schema_version": 0,
          "attributes": {
            "automount_service_account_token": true,
            "default_secret_name": "",
            "id": "argocd/ecr-read-access-sa",
            "image_pull_secret": [],
            "metadata": [
              {
                "annotations": {
                  "eks.amazonaws.com/role-arn": "arn:aws:iam::614563210494:role/argocd-ecr-role"
                },
                "generate_name": "",
                "generation": 0,
                "labels": {},
                "name": "ecr-read-access-sa",
                "namespace": "argocd",
                "resource_version": "126192",
                "uid": "9bb14b0e-4027-4053-a775-de7d729a76ae"
              }
            ],
            "secret": [],
            "timeouts": null
          },
          "sensitive_attributes": [],
          "private": "eyJlMmJmYjczMC1lY2FhLTExZTYtOGY4OC0zNDM2M2JjN2M0YzAiOnsiY3JlYXRlIjozMDAwMDAwMDAwMH19",
          "dependencies": [
            "data.aws_eks_cluster.main",
            "data.aws_eks_cluster_auth.main",
            "data.aws_iam_role.argocd_ecr_role",
            "module.cert-manager.helm_release.cert_manager",
            "module.nginx.helm_release.nginx"
          ]
        }
      ]
    },
    {
      "module": "module.cert-manager",
      "mode": "managed",
      "type": "helm_release",
      "name": "cert_manager",
      "provider": "provider[\"registry.terraform.io/hashicorp/helm\"]",
      "instances": [
        {
          "schema_version": 1,
          "attributes": {
            "atomic": false,
            "chart": "cert-manager",
            "cleanup_on_fail": false,
            "create_namespace": true,
            "dependency_update": false,
            "description": null,
            "devel": null,
            "disable_crd_hooks": false,
            "disable_openapi_validation": false,
            "disable_webhooks": false,
            "force_update": true,
            "id": "cert-manager",
            "keyring": null,
            "lint": false,
            "manifest": null,
            "max_history": 0,
            "metadata": [
              {
                "app_version": "v1.17.1",
                "chart": "cert-manager",
                "first_deployed": 1746046687,
                "last_deployed": 1746046687,
                "name": "cert-manager",
                "namespace": "cert-manager",
                "notes": "\n⚠️  WARNING: `installCRDs` is deprecated, use `crds.enabled` instead.\ncert-manager v1.17.1 has been deployed successfully!\n\nIn order to begin issuing certificates, you will need to set up a ClusterIssuer\nor Issuer resource (for example, by creating a 'letsencrypt-staging' issuer).\n\nMore information on the different types of issuers and how to configure them\ncan be found in our documentation:\n\nhttps://cert-manager.io/docs/configuration/\n\nFor information on how to configure cert-manager to automatically provision\nCertificates for Ingress resources, take a look at the `ingress-shim`\ndocumentation:\n\nhttps://cert-manager.io/docs/usage/ingress/\n",
                "revision": 1,
                "values": "{\"installCRDs\":true}",
                "version": "v1.17.1"
              }
            ],
            "name": "cert-manager",
            "namespace": "cert-manager",
            "pass_credentials": false,
            "postrender": [],
            "recreate_pods": false,
            "render_subchart_notes": true,
            "replace": true,
            "repository": "https://charts.jetstack.io",
            "repository_ca_file": null,
            "repository_cert_file": null,
            "repository_key_file": null,
            "repository_password": null,
            "repository_username": null,
            "reset_values": false,
            "reuse_values": false,
            "set": [],
            "set_list": [],
            "set_sensitive": [],
            "skip_crds": false,
            "status": "deployed",
            "timeout": 300,
            "upgrade_install": null,
            "values": [
              "installCRDs: true\n"
            ],
            "verify": false,
            "version": "v1.17.1",
            "wait": true,
            "wait_for_jobs": false
          },
          "sensitive_attributes": [
            [
              {
                "type": "get_attr",
                "value": "repository_password"
              }
            ]
          ],
          "private": "eyJzY2hlbWFfdmVyc2lvbiI6IjEifQ==",
          "dependencies": [
            "data.aws_eks_cluster.main",
            "data.aws_eks_cluster_auth.main"
          ]
        }
      ]
    },
    {
      "module": "module.external_secrets",
      "mode": "managed",
      "type": "helm_release",
      "name": "external_secrets",
      "provider": "provider[\"registry.terraform.io/hashicorp/helm\"]",
      "instances": [
        {
          "schema_version": 1,
          "attributes": {
            "atomic": false,
            "chart": "external-secrets",
            "cleanup_on_fail": false,
            "create_namespace": true,
            "dependency_update": false,
            "description": null,
            "devel": null,
            "disable_crd_hooks": false,
            "disable_openapi_validation": false,
            "disable_webhooks": false,
            "force_update": false,
            "id": "external-secrets",
            "keyring": null,
            "lint": false,
            "manifest": null,
            "max_history": 0,
            "metadata": [
              {
                "app_version": "v0.9.10",
                "chart": "external-secrets",
                "first_deployed": 1746046691,
                "last_deployed": 1746046691,
                "name": "external-secrets",
                "namespace": "external-secrets",
                "notes": "external-secrets has been deployed successfully!\n\nIn order to begin using ExternalSecrets, you will need to set up a SecretStore\nor ClusterSecretStore resource (for example, by creating a 'vault' SecretStore).\n\nMore information on the different types of SecretStores and how to configure them\ncan be found in our Github: https://github.com/external-secrets/external-secrets\n\n",
                "revision": 1,
                "values": "{\"serviceAccount\":{\"annotations\":{\"eks.amazonaws.com/role-arn\":\"arn:aws:iam::614563210494:role/external-secrets-irsa\"},\"create\":true,\"name\":\"external-secrets-sa\"}}",
                "version": "0.9.10"
              }
            ],
            "name": "external-secrets",
            "namespace": "external-secrets",
            "pass_credentials": false,
            "postrender": [],
            "recreate_pods": false,
            "render_subchart_notes": true,
            "replace": false,
            "repository": "https://charts.external-secrets.io",
            "repository_ca_file": null,
            "repository_cert_file": null,
            "repository_key_file": null,
            "repository_password": null,
            "repository_username": null,
            "reset_values": false,
            "reuse_values": false,
            "set": [
              {
                "name": "serviceAccount.annotations.eks\\.amazonaws\\.com/role-arn",
                "type": "",
                "value": "arn:aws:iam::614563210494:role/external-secrets-irsa"
              },
              {
                "name": "serviceAccount.create",
                "type": "",
                "value": "true"
              },
              {
                "name": "serviceAccount.name",
                "type": "",
                "value": "external-secrets-sa"
              }
            ],
            "set_list": [],
            "set_sensitive": [],
            "skip_crds": false,
            "status": "deployed",
            "timeout": 300,
            "upgrade_install": null,
            "values": null,
            "verify": false,
            "version": "0.9.10",
            "wait": true,
            "wait_for_jobs": false
          },
          "sensitive_attributes": [
            [
              {
                "type": "get_attr",
                "value": "repository_password"
              }
            ]
          ],
          "private": "eyJzY2hlbWFfdmVyc2lvbiI6IjEifQ==",
          "dependencies": [
            "data.aws_eks_cluster.main",
            "data.aws_eks_cluster_auth.main",
            "data.aws_iam_role.external_secrets_irsa"
          ]
        }
      ]
    },
    {
      "module": "module.external_secrets",
      "mode": "managed",
      "type": "kubernetes_service_account",
      "name": "external_secrets_sa",
      "provider": "provider[\"registry.terraform.io/hashicorp/kubernetes\"]",
      "instances": [
        {
          "schema_version": 0,
          "attributes": {
            "automount_service_account_token": true,
            "default_secret_name": "",
            "id": "default/external-secrets-sa",
            "image_pull_secret": [],
            "metadata": [
              {
                "annotations": {
                  "eks.amazonaws.com/role-arn": "arn:aws:iam::614563210494:role/external-secrets-irsa"
                },
                "generate_name": "",
                "generation": 0,
                "labels": {},
                "name": "external-secrets-sa",
                "namespace": "default",
                "resource_version": "62123",
                "uid": "967c2411-9c57-4f97-998c-6ff78e428433"
              }
            ],
            "secret": [],
            "timeouts": null
          },
          "sensitive_attributes": [],
          "private": "eyJlMmJmYjczMC1lY2FhLTExZTYtOGY4OC0zNDM2M2JjN2M0YzAiOnsiY3JlYXRlIjozMDAwMDAwMDAwMH19",
          "dependencies": [
            "data.aws_eks_cluster.main",
            "data.aws_eks_cluster_auth.main",
            "data.aws_iam_role.external_secrets_irsa"
          ]
        }
      ]
    },
    {
      "module": "module.jenkins",
      "mode": "managed",
      "type": "aws_eks_pod_identity_association",
      "name": "ecr_access_association",
      "provider": "provider[\"registry.terraform.io/hashicorp/aws\"]",
      "instances": [
        {
          "schema_version": 0,
          "attributes": {
            "association_arn": "arn:aws:eks:us-east-1:614563210494:podidentityassociation/my-eks/a-xeoeg4peolqcujkjy",
            "association_id": "a-xeoeg4peolqcujkjy",
            "cluster_name": "my-eks",
            "id": "a-xeoeg4peolqcujkjy",
            "namespace": "jenkins",
            "role_arn": "arn:aws:iam::614563210494:role/eks-pod-ecr-role",
            "service_account": "ecr-access-sa",
            "tags": null,
            "tags_all": {}
          },
          "sensitive_attributes": [],
          "dependencies": [
            "data.aws_eks_cluster.main",
            "data.aws_eks_cluster_auth.main",
            "data.aws_iam_role.ebs_csi",
            "data.aws_iam_role.eks_pod_identity_ecr",
            "module.jenkins.helm_release.ebs_csi",
            "module.jenkins.helm_release.jenkins",
            "module.jenkins.kubernetes_service_account.ecr_access_sa"
          ]
        }
      ]
    },
    {
      "module": "module.jenkins",
      "mode": "managed",
      "type": "helm_release",
      "name": "ebs_csi",
      "provider": "provider[\"registry.terraform.io/hashicorp/helm\"]",
      "instances": [
        {
          "schema_version": 1,
          "attributes": {
            "atomic": false,
            "chart": "aws-ebs-csi-driver",
            "cleanup_on_fail": false,
            "create_namespace": false,
            "dependency_update": false,
            "description": null,
            "devel": null,
            "disable_crd_hooks": false,
            "disable_openapi_validation": false,
            "disable_webhooks": false,
            "force_update": false,
            "id": "aws-ebs-csi-driver",
            "keyring": null,
            "lint": false,
            "manifest": null,
            "max_history": 0,
            "metadata": [
              {
                "app_version": "1.28.0",
                "chart": "aws-ebs-csi-driver",
                "first_deployed": 1746046694,
                "last_deployed": 1746046694,
                "name": "aws-ebs-csi-driver",
                "namespace": "kube-system",
                "notes": "To verify that aws-ebs-csi-driver has started, run:\n\n    kubectl get pod -n kube-system -l \"app.kubernetes.io/name=aws-ebs-csi-driver,app.kubernetes.io/instance=aws-ebs-csi-driver\"\n\nNOTE: The [CSI Snapshotter](https://github.com/kubernetes-csi/external-snapshotter) controller and CRDs will no longer be installed as part of this chart and moving forward will be a prerequisite of using the snap shotting functionality.\n\nWARNING: Upgrading the EBS CSI Driver Helm chart with --reuse-values will no longer be supported in a future release. For more information, see https://github.com/kubernetes-sigs/aws-ebs-csi-driver/issues/1864\n",
                "revision": 1,
                "values": "{\"controller\":{\"serviceAccount\":{\"annotations\":{\"eks.amazonaws.com/role-arn\":\"arn:aws:iam::614563210494:role/eks-ebs-csi-driver\"},\"create\":true,\"name\":\"ebs-csi-controller-sa\"}},\"region\":\"us-west-1\"}",
                "version": "2.28.0"
              }
            ],
            "name": "aws-ebs-csi-driver",
            "namespace": "kube-system",
            "pass_credentials": false,
            "postrender": [],
            "recreate_pods": false,
            "render_subchart_notes": true,
            "replace": false,
            "repository": "https://kubernetes-sigs.github.io/aws-ebs-csi-driver",
            "repository_ca_file": null,
            "repository_cert_file": null,
            "repository_key_file": null,
            "repository_password": null,
            "repository_username": null,
            "reset_values": false,
            "reuse_values": false,
            "set": [
              {
                "name": "controller.serviceAccount.annotations.eks\\.amazonaws\\.com/role-arn",
                "type": "",
                "value": "arn:aws:iam::614563210494:role/eks-ebs-csi-driver"
              },
              {
                "name": "controller.serviceAccount.create",
                "type": "",
                "value": "true"
              },
              {
                "name": "controller.serviceAccount.name",
                "type": "",
                "value": "ebs-csi-controller-sa"
              },
              {
                "name": "region",
                "type": "",
                "value": "us-west-1"
              }
            ],
            "set_list": [],
            "set_sensitive": [],
            "skip_crds": false,
            "status": "deployed",
            "timeout": 300,
            "upgrade_install": null,
            "values": null,
            "verify": false,
            "version": "2.28.0",
            "wait": true,
            "wait_for_jobs": false
          },
          "sensitive_attributes": [
            [
              {
                "type": "get_attr",
                "value": "repository_password"
              }
            ]
          ],
          "private": "eyJzY2hlbWFfdmVyc2lvbiI6IjEifQ==",
          "dependencies": [
            "data.aws_eks_cluster.main",
            "data.aws_eks_cluster_auth.main",
            "data.aws_iam_role.ebs_csi"
          ]
        }
      ]
    },
    {
      "module": "module.jenkins",
      "mode": "managed",
      "type": "helm_release",
      "name": "jenkins",
      "provider": "provider[\"registry.terraform.io/hashicorp/helm\"]",
      "instances": [
        {
          "schema_version": 1,
          "attributes": {
            "atomic": false,
            "chart": "jenkins",
            "cleanup_on_fail": false,
            "create_namespace": true,
            "dependency_update": false,
            "description": null,
            "devel": null,
            "disable_crd_hooks": false,
            "disable_openapi_validation": false,
            "disable_webhooks": false,
            "force_update": false,
            "id": "jenkins",
            "keyring": null,
            "lint": false,
            "manifest": null,
            "max_history": 0,
            "metadata": [
              {
                "app_version": "2.492.3",
                "chart": "jenkins",
                "first_deployed": 1746046741,
                "last_deployed": 1746046741,
                "name": "jenkins",
                "namespace": "jenkins",
                "notes": "1. Get your 'admin' user password by running:\n  kubectl exec --namespace jenkins -it svc/jenkins -c jenkins -- /bin/cat /run/secrets/additional/chart-admin-password \u0026\u0026 echo\n2. Get the Jenkins URL to visit by running these commands in the same shell:\n  echo http://127.0.0.1:8080\n  kubectl --namespace jenkins port-forward svc/jenkins 8080:8080\n\n3. Login with the password from step 1 and the username: admin\n4. Configure security realm and authorization strategy\n5. Use Jenkins Configuration as Code by specifying configScripts in your values.yaml file, see documentation: http://127.0.0.1:8080/configuration-as-code and examples: https://github.com/jenkinsci/configuration-as-code-plugin/tree/master/demos\n\nFor more information on running Jenkins on Kubernetes, visit:\nhttps://cloud.google.com/solutions/jenkins-on-container-engine\n\nFor more information about Jenkins Configuration as Code, visit:\nhttps://jenkins.io/projects/jcasc/\n\n\nNOTE: Consider using a custom image with pre-installed plugins\n",
                "revision": 1,
                "values": "{\"controller\":{\"admin\":{\"password\":\"admin\",\"username\":\"admin\"},\"installPlugins\":[\"git\",\"github\",\"github-api\",\"github-branch-source\",\"docker-workflow\",\"kubernetes\",\"configuration-as-code\",\"workflow-aggregator\",\"credentials-binding\",\"plain-credentials\",\"ssh-credentials\",\"matrix-auth\",\"pipeline-stage-view\",\"pipeline-github-lib\",\"antisamy-markup-formatter\",\"mailer\",\"ws-cleanup\",\"workflow-job\",\"workflow-cps\",\"workflow-basic-steps\",\"workflow-durable-task-step\",\"dark-theme\"],\"service\":{\"port\":8080,\"type\":\"LoadBalancer\"}},\"persistence\":{\"enabled\":true,\"size\":\"5Gi\",\"storageClass\":\"ebs-sc\"}}",
                "version": "5.8.37"
              }
            ],
            "name": "jenkins",
            "namespace": "jenkins",
            "pass_credentials": false,
            "postrender": [],
            "recreate_pods": false,
            "render_subchart_notes": true,
            "replace": false,
            "repository": "https://charts.jenkins.io",
            "repository_ca_file": null,
            "repository_cert_file": null,
            "repository_key_file": null,
            "repository_password": null,
            "repository_username": null,
            "reset_values": false,
            "reuse_values": false,
            "set": [],
            "set_list": [],
            "set_sensitive": [],
            "skip_crds": false,
            "status": "deployed",
            "timeout": 300,
            "upgrade_install": null,
            "values": [
              "persistence:\n  enabled: true\n  storageClass: \"ebs-sc\"\n  size: 5Gi\n\ncontroller:\n  service:\n    type: LoadBalancer\n    port: 8080\n  admin:\n    username: admin\n    password: admin\n  \n  installPlugins:\n    - git\n    - github\n    - github-api\n    - github-branch-source\n    - docker-workflow\n    - kubernetes\n    # Default recommended plugins\n    - configuration-as-code\n    - workflow-aggregator\n    - credentials-binding\n    - plain-credentials\n    - ssh-credentials\n    - matrix-auth\n    - pipeline-stage-view\n    - pipeline-github-lib\n    - antisamy-markup-formatter\n    - mailer\n    - ws-cleanup\n    - workflow-job\n    - workflow-cps\n    - workflow-basic-steps\n    - workflow-durable-task-step\n    - dark-theme"
            ],
            "verify": false,
            "version": "5.8.37",
            "wait": true,
            "wait_for_jobs": false
          },
          "sensitive_attributes": [
            [
              {
                "type": "get_attr",
                "value": "repository_password"
              }
            ]
          ],
          "private": "eyJzY2hlbWFfdmVyc2lvbiI6IjEifQ==",
          "dependencies": [
            "data.aws_eks_cluster.main",
            "data.aws_eks_cluster_auth.main",
            "data.aws_iam_role.ebs_csi",
            "module.jenkins.helm_release.ebs_csi"
          ]
        }
      ]
    },
    {
      "module": "module.jenkins",
      "mode": "managed",
      "type": "kubernetes_service_account",
      "name": "ecr_access_sa",
      "provider": "provider[\"registry.terraform.io/hashicorp/kubernetes\"]",
      "instances": [
        {
          "schema_version": 0,
          "attributes": {
            "automount_service_account_token": true,
            "default_secret_name": "",
            "id": "jenkins/ecr-access-sa",
            "image_pull_secret": [],
            "metadata": [
              {
                "annotations": {
                  "eks.amazonaws.com/role-arn": "arn:aws:iam::614563210494:role/eks-pod-ecr-role"
                },
                "generate_name": "",
                "generation": 0,
                "labels": {},
                "name": "ecr-access-sa",
                "namespace": "jenkins",
                "resource_version": "63313",
                "uid": "e559234e-8fbd-403c-b8f7-151e939ade1a"
              }
            ],
            "secret": [],
            "timeouts": null
          },
          "sensitive_attributes": [],
          "private": "eyJlMmJmYjczMC1lY2FhLTExZTYtOGY4OC0zNDM2M2JjN2M0YzAiOnsiY3JlYXRlIjozMDAwMDAwMDAwMH19",
          "dependencies": [
            "data.aws_eks_cluster.main",
            "data.aws_eks_cluster_auth.main",
            "data.aws_iam_role.ebs_csi",
            "data.aws_iam_role.eks_pod_identity_ecr",
            "module.jenkins.helm_release.ebs_csi",
            "module.jenkins.helm_release.jenkins"
          ]
        }
      ]
    },
    {
      "module": "module.jenkins",
      "mode": "managed",
      "type": "kubernetes_storage_class",
      "name": "ebs_sc",
      "provider": "provider[\"registry.terraform.io/hashicorp/kubernetes\"]",
      "instances": [
        {
          "schema_version": 0,
          "attributes": {
            "allow_volume_expansion": true,
            "allowed_topologies": [],
            "id": "ebs-sc",
            "metadata": [
              {
                "annotations": {},
                "generate_name": "",
                "generation": 0,
                "labels": {},
                "name": "ebs-sc",
                "resource_version": "62684",
                "uid": "9657ce55-7764-4f6f-ad51-8deba8a4fa0a"
              }
            ],
            "mount_options": [],
            "parameters": {
              "fsType": "ext4",
              "type": "gp3"
            },
            "reclaim_policy": "Delete",
            "storage_provisioner": "ebs.csi.aws.com",
            "volume_binding_mode": "WaitForFirstConsumer"
          },
          "sensitive_attributes": [],
          "private": "bnVsbA==",
          "dependencies": [
            "data.aws_eks_cluster.main",
            "data.aws_eks_cluster_auth.main",
            "data.aws_iam_role.ebs_csi",
            "module.jenkins.helm_release.ebs_csi"
          ]
        }
      ]
    },
    {
      "module": "module.nginx",
      "mode": "managed",
      "type": "helm_release",
      "name": "nginx",
      "provider": "provider[\"registry.terraform.io/hashicorp/helm\"]",
      "instances": [
        {
          "schema_version": 1,
          "attributes": {
            "atomic": false,
            "chart": "ingress-nginx",
            "cleanup_on_fail": false,
            "create_namespace": true,
            "dependency_update": false,
            "description": null,
            "devel": null,
            "disable_crd_hooks": false,
            "disable_openapi_validation": false,
            "disable_webhooks": false,
            "force_update": false,
            "id": "ingress-nginx",
            "keyring": null,
            "lint": false,
            "manifest": null,
            "max_history": 0,
            "metadata": [
              {
                "app_version": "1.12.1",
                "chart": "ingress-nginx",
                "first_deployed": 1746046689,
                "last_deployed": 1746046689,
                "name": "ingress-nginx",
                "namespace": "ingress-nginx",
                "notes": "The ingress-nginx controller has been installed.\nIt may take a few minutes for the load balancer IP to be available.\nYou can watch the status by running 'kubectl get service --namespace ingress-nginx ingress-nginx-controller --output wide --watch'\n\nAn example Ingress that makes use of the controller:\n  apiVersion: networking.k8s.io/v1\n  kind: Ingress\n  metadata:\n    name: example\n    namespace: foo\n  spec:\n    ingressClassName: nginx\n    rules:\n      - host: www.example.com\n        http:\n          paths:\n            - pathType: Prefix\n              backend:\n                service:\n                  name: exampleService\n                  port:\n                    number: 80\n              path: /\n    # This section is only required if TLS is to be enabled for the Ingress\n    tls:\n      - hosts:\n        - www.example.com\n        secretName: example-tls\n\nIf TLS is enabled for the Ingress, a Secret containing the certificate and key must also be provided:\n\n  apiVersion: v1\n  kind: Secret\n  metadata:\n    name: example-tls\n    namespace: foo\n  data:\n    tls.crt: \u003cbase64 encoded cert\u003e\n    tls.key: \u003cbase64 encoded key\u003e\n  type: kubernetes.io/tls\n",
                "revision": 1,
                "values": "{\"controller\":{\"admissionWebhooks\":{\"enabled\":true},\"metrics\":{\"enabled\":true},\"publishService\":{\"enabled\":true},\"service\":{\"externalTrafficPolicy\":\"Local\",\"type\":\"LoadBalancer\"}}}",
                "version": "4.12.1"
              }
            ],
            "name": "ingress-nginx",
            "namespace": "ingress-nginx",
            "pass_credentials": false,
            "postrender": [],
            "recreate_pods": false,
            "render_subchart_notes": true,
            "replace": false,
            "repository": "https://kubernetes.github.io/ingress-nginx",
            "repository_ca_file": null,
            "repository_cert_file": null,
            "repository_key_file": null,
            "repository_password": null,
            "repository_username": null,
            "reset_values": false,
            "reuse_values": false,
            "set": [],
            "set_list": [],
            "set_sensitive": [],
            "skip_crds": false,
            "status": "deployed",
            "timeout": 300,
            "upgrade_install": null,
            "values": [
              "controller:\n  service:\n    type: LoadBalancer\n    externalTrafficPolicy: Local\n  publishService:\n    enabled: true\n  admissionWebhooks:\n    enabled: true\n  metrics:\n    enabled: true\n"
            ],
            "verify": false,
            "version": "4.12.1",
            "wait": true,
            "wait_for_jobs": false
          },
          "sensitive_attributes": [
            [
              {
                "type": "get_attr",
                "value": "repository_password"
              }
            ]
          ],
          "private": "eyJzY2hlbWFfdmVyc2lvbiI6IjEifQ==",
          "dependencies": [
            "data.aws_eks_cluster.main",
            "data.aws_eks_cluster_auth.main"
          ]
        }
      ]
    }
  ],
  "check_results": null
}
